{
    "name": "app.mobile.helloevent",
    "version": "1.0.0",
    "lockfileVersion": 1,
    "requires": true,
    "dependencies": {
        "cordova-plugin-android-permissions": {
            "version": "1.0.2",
            "resolved": "https://registry.npmjs.org/cordova-plugin-android-permissions/-/cordova-plugin-android-permissions-1.0.2.tgz",
            "integrity": "sha512-Eb7Cf3lk9RydSYqmUzBAEVTT/EU+opV2yvyqkgZZAB/RVfHxsla/1wzHq0PBwAFjHIrxBAGZrOpJFVKc1SxtuA=="
        },
        "cordova-plugin-device": {
            "version": "2.0.3",
            "resolved": "https://registry.npmjs.org/cordova-plugin-device/-/cordova-plugin-device-2.0.3.tgz",
            "integrity": "sha512-Jb3V72btxf3XHpkPQsGdyc8N6tVBYn1vsxSFj43fIz9vonJDUThYPCJJHqk6PX6N4dJw6I4FjxkpfCR4LDYMlw=="
        },
        "cordova-plugin-device-motion": {
            "version": "2.0.1",
            "resolved": "https://registry.npmjs.org/cordova-plugin-device-motion/-/cordova-plugin-device-motion-2.0.1.tgz",
            "integrity": "sha1-f22XTE64/Frljpqt1j2fpQLt7G0=",
            "dev": true
        },
        "cordova-plugin-statusbar": {
            "version": "2.4.3",
            "resolved": "https://registry.npmjs.org/cordova-plugin-statusbar/-/cordova-plugin-statusbar-2.4.3.tgz",
            "integrity": "sha512-ThmXzl6QIKWFXf4wWw7Q/zpB+VKkz3VM958+5A0sXD4jmR++u7KnGttLksXshVwWr6lvGwUebLYtIyXwS4Ovcg=="
        },
        "cordova-plugin-whitelist": {
            "version": "1.3.4",
            "resolved": "https://registry.npmjs.org/cordova-plugin-whitelist/-/cordova-plugin-whitelist-1.3.4.tgz",
            "integrity": "sha512-EYC5eQFVkoYXq39l7tYKE6lEjHJ04mvTmKXxGL7quHLdFPfJMNzru/UYpn92AOfpl3PQaZmou78C7EgmFOwFQQ=="
        },
        "cordova.camera.permission": {
            "version": "1.0.6",
            "resolved": "https://registry.npmjs.org/cordova.camera.permission/-/cordova.camera.permission-1.0.6.tgz",
            "integrity": "sha512-NRmy2zfjzdxDEie3qTKaexyHcAfhb4eh6IRcp+e1NzGtzt6BZjyBp6UBUlg3qLE2ibs71tjem4bEZJj4rFfOSw=="
        }
    }
}
